
Microsoft Visual Studio Solution File, Format Version 12.00
Project("{FAE04EC0-301F-11D3-BF4B-00C04F79EFBC}") = "Vrising_ModTemplate", "Vrising_ModTemplate\Vrising_ModTemplate.csproj", "{3367E851-B91C-43B9-BFD8-F697D2957CB5}"
EndProject
Global
	GlobalSection(SolutionConfigurationPlatforms) = preSolution
		Debug|Any CPU = Debug|Any CPU
		Release|Any CPU = Release|Any CPU
	EndGlobalSection
	GlobalSection(ProjectConfigurationPlatforms) = postSolution
		{3367E851-B91C-43B9-BFD8-F697D2957CB5}.Debug|Any CPU.ActiveCfg = Debug|Any CPU
		{3367E851-B91C-43B9-BFD8-F697D2957CB5}.Debug|Any CPU.Build.0 = Debug|Any CPU
		{3367E851-B91C-43B9-BFD8-F697D2957CB5}.Release|Any CPU.ActiveCfg = Release|Any CPU
		{3367E851-B91C-43B9-BFD8-F697D2957CB5}.Release|Any CPU.Build.0 = Release|Any CPU
	EndGlobalSection
EndGlobal
